
Microsoft Visual Studio Solution File, Format Version 12.00
# Visual Studio Version 16
VisualStudioVersion = 16.0.31205.134
MinimumVisualStudioVersion = 10.0.40219.1
Project("{FAE04EC0-301F-11D3-BF4B-00C04F79EFBC}") = "StrategyPattern", "StrategyPattern\StrategyPattern.csproj", "{BFABC7F7-B14A-4146-9C32-240E13E81AFD}"
EndProject
Project("{FAE04EC0-301F-11D3-BF4B-00C04F79EFBC}") = "DuckBehaviorTest", "DuckBehaviorTest\DuckBehaviorTest.csproj", "{EF38896B-8304-4215-A3D6-21343C3CD92D}"
EndProject
Global
	GlobalSection(SolutionConfigurationPlatforms) = preSolution
		Debug|Any CPU = Debug|Any CPU
		Release|Any CPU = Release|Any CPU
	EndGlobalSection
	GlobalSection(ProjectConfigurationPlatforms) = postSolution
		{BFABC7F7-B14A-4146-9C32-240E13E81AFD}.Debug|Any CPU.ActiveCfg = Debug|Any CPU
		{BFABC7F7-B14A-4146-9C32-240E13E81AFD}.Debug|Any CPU.Build.0 = Debug|Any CPU
		{BFABC7F7-B14A-4146-9C32-240E13E81AFD}.Release|Any CPU.ActiveCfg = Release|Any CPU
		{BFABC7F7-B14A-4146-9C32-240E13E81AFD}.Release|Any CPU.Build.0 = Release|Any CPU
		{EF38896B-8304-4215-A3D6-21343C3CD92D}.Debug|Any CPU.ActiveCfg = Debug|Any CPU
		{EF38896B-8304-4215-A3D6-21343C3CD92D}.Debug|Any CPU.Build.0 = Debug|Any CPU
		{EF38896B-8304-4215-A3D6-21343C3CD92D}.Release|Any CPU.ActiveCfg = Release|Any CPU
		{EF38896B-8304-4215-A3D6-21343C3CD92D}.Release|Any CPU.Build.0 = Release|Any CPU
	EndGlobalSection
	GlobalSection(SolutionProperties) = preSolution
		HideSolutionNode = FALSE
	EndGlobalSection
	GlobalSection(ExtensibilityGlobals) = postSolution
		SolutionGuid = {DBAB14CB-4803-4395-A275-3A845826CE1E}
	EndGlobalSection
EndGlobal
